Microsoft Visual Studio Solution File, Format Version 11.00
# Visual Studio 2008

Project("{091E9CF6-4E4C-7594-6619-D7ECAA2C8783}") = "A Game of Chess", "Assembly-CSharp-vs.csproj", "{C2ACA13A-25E2-EB5A-8C40-652D545937BD}"
EndProject
Global
	GlobalSection(SolutionConfigurationPlatforms) = preSolution
		Debug|Any CPU = Debug|Any CPU
		Release|Any CPU = Release|Any CPU
	EndGlobalSection
	GlobalSection(ProjectConfigurationPlatforms) = postSolution
		{C2ACA13A-25E2-EB5A-8C40-652D545937BD}.Debug|Any CPU.ActiveCfg = Debug|Any CPU
		{C2ACA13A-25E2-EB5A-8C40-652D545937BD}.Debug|Any CPU.Build.0 = Debug|Any CPU
		{C2ACA13A-25E2-EB5A-8C40-652D545937BD}.Release|Any CPU.ActiveCfg = Release|Any CPU
		{C2ACA13A-25E2-EB5A-8C40-652D545937BD}.Release|Any CPU.Build.0 = Release|Any CPU
	EndGlobalSection
	GlobalSection(SolutionProperties) = preSolution
		HideSolutionNode = FALSE
	EndGlobalSection
		GlobalSection(MonoDevelopProperties) = preSolution
		StartupItem = Assembly-CSharp.csproj
		Policies = $0
		$0.TextStylePolicy = $1
		$1.inheritsSet = null
		$1.scope = text/x-csharp
		$0.CSharpFormattingPolicy = $2
		$2.inheritsSet = Mono
		$2.inheritsScope = text/x-csharp
		$2.scope = text/x-csharp
		$0.TextStylePolicy = $3
		$3.FileWidth = 120
		$3.TabWidth = 4
		$3.IndentWidth = 4
		$3.EolMarker = Unix
		$3.inheritsSet = Mono
		$3.inheritsScope = text/plain
		$3.scope = text/plain
	EndGlobalSection

EndGlobal
